{
  "name": "smartdata",
  "version": "1.0.28",
  "lockfileVersion": 1,
  "requires": true,
  "dependencies": {
    "@types/bson": {
      "version": "1.0.6",
      "resolved": "https://registry.npmjs.org/@types/bson/-/bson-1.0.6.tgz",
      "integrity": "sha512-v7N8qcTGiYhLRyi+Y69R3tPC4GLqByCg3NC2EO6PciC166O9dNhjFPoXeMePtZ+0f+/O2xLDWXs5BLnRfcBaBA==",
      "requires": {
        "@types/node": "8.5.7"
      }
    },
    "@types/events": {
      "version": "1.1.0",
      "resolved": "https://registry.npmjs.org/@types/events/-/events-1.1.0.tgz",
      "integrity": "sha512-y3bR98mzYOo0pAZuiLari+cQyiKk3UXRuT45h1RjhfeCzqkjaVsfZJNaxdgtk7/3tzOm1ozLTqEqMP3VbI48jw=="
    },
    "@types/lodash": {
      "version": "4.14.92",
      "resolved": "https://registry.npmjs.org/@types/lodash/-/lodash-4.14.92.tgz",
      "integrity": "sha512-cdvY1fyUGYgG7/i07a/sR5PnD6+Z+ljUrD0CNVf0qj645VvEdLNtZPjvCp4siPy3rQ/KRXMfUATIqi3+9x57Sw=="
    },
    "@types/minimatch": {
      "version": "3.0.3",
      "resolved": "https://registry.npmjs.org/@types/minimatch/-/minimatch-3.0.3.tgz",
      "integrity": "sha512-tHq6qdbT9U1IRSGf14CL0pUlULksvY9OZ+5eEgl1N7t+OA3tGvNpxJCzuKQlsNgCVwbAs670L1vcVQi8j9HjnA=="
    },
    "@types/mongodb": {
      "version": "2.2.18",
      "resolved": "https://registry.npmjs.org/@types/mongodb/-/mongodb-2.2.18.tgz",
      "integrity": "sha512-bNookS+Y4N7B9/z9lZrTcVUdXSfrH8J+svBFCzxbCl5pOg32YeIgvKjrqD4yF7Ecec7bo7ZCdqajXS06TeuWdA==",
      "requires": {
        "@types/bson": "1.0.6",
        "@types/events": "1.1.0",
        "@types/node": "8.5.7"
      }
    },
    "@types/node": {
      "version": "8.5.7",
      "resolved": "https://registry.npmjs.org/@types/node/-/node-8.5.7.tgz",
      "integrity": "sha512-+1ZfzGIq8Y3EV7hPF7bs3i+Gi2mqYOiEGGRxGYPrn+hTYLMmzg+/5TkMkCHiRtLB38XSNvr/43aQ9+cUq4BbBg=="
    },
    "balanced-match": {
      "version": "1.0.0",
      "resolved": "https://registry.npmjs.org/balanced-match/-/balanced-match-1.0.0.tgz",
      "integrity": "sha1-ibTRmasr7kneFk6gK4nORi1xt2c="
    },
    "brace-expansion": {
      "version": "1.1.8",
      "resolved": "https://registry.npmjs.org/brace-expansion/-/brace-expansion-1.1.8.tgz",
      "integrity": "sha1-wHshHHyVLsH479Uad+8NHTmQopI=",
      "requires": {
        "balanced-match": "1.0.0",
        "concat-map": "0.0.1"
      }
    },
    "concat-map": {
      "version": "0.0.1",
      "resolved": "https://registry.npmjs.org/concat-map/-/concat-map-0.0.1.tgz",
      "integrity": "sha1-2Klr13/Wjfd5OnMDajug1UBdR3s="
    },
    "define-properties": {
      "version": "1.1.2",
      "resolved": "https://registry.npmjs.org/define-properties/-/define-properties-1.1.2.tgz",
      "integrity": "sha1-g6c/L+pWmJj7c3GTyPhzyvbUXJQ=",
      "requires": {
        "foreach": "2.0.5",
        "object-keys": "1.0.11"
      }
    },
    "es-abstract": {
      "version": "1.10.0",
      "resolved": "https://registry.npmjs.org/es-abstract/-/es-abstract-1.10.0.tgz",
      "integrity": "sha512-/uh/DhdqIOSkAWifU+8nG78vlQxdLckUdI/sPgy0VhuXi2qJ7T8czBmqIYtLQVpCIFYafChnsRsB5pyb1JdmCQ==",
      "requires": {
        "es-to-primitive": "1.1.1",
        "function-bind": "1.1.1",
        "has": "1.0.1",
        "is-callable": "1.1.3",
        "is-regex": "1.0.4"
      }
    },
    "es-to-primitive": {
      "version": "1.1.1",
      "resolved": "https://registry.npmjs.org/es-to-primitive/-/es-to-primitive-1.1.1.tgz",
      "integrity": "sha1-RTVSSKiJeQNLZ5Lhm7gfK3l13Q0=",
      "requires": {
        "is-callable": "1.1.3",
        "is-date-object": "1.0.1",
        "is-symbol": "1.0.1"
      }
    },
    "foreach": {
      "version": "2.0.5",
      "resolved": "https://registry.npmjs.org/foreach/-/foreach-2.0.5.tgz",
      "integrity": "sha1-C+4AUBiusmDQo6865ljdATbsG5k="
    },
    "function-bind": {
      "version": "1.1.1",
      "resolved": "https://registry.npmjs.org/function-bind/-/function-bind-1.1.1.tgz",
      "integrity": "sha512-yIovAzMX49sF8Yl58fSCWJ5svSLuaibPxXQJFLmBObTuCr0Mf1KiPopGM9NiFjiYBCbfaa2Fh6breQ6ANVTI0A=="
    },
    "has": {
      "version": "1.0.1",
      "resolved": "https://registry.npmjs.org/has/-/has-1.0.1.tgz",
      "integrity": "sha1-hGFzP1OLCDfJNh45qauelwTcLyg=",
      "requires": {
        "function-bind": "1.1.1"
      }
    },
    "is-callable": {
      "version": "1.1.3",
      "resolved": "https://registry.npmjs.org/is-callable/-/is-callable-1.1.3.tgz",
      "integrity": "sha1-hut1OSgF3cM69xySoO7fdO52BLI="
    },
    "is-date-object": {
      "version": "1.0.1",
      "resolved": "https://registry.npmjs.org/is-date-object/-/is-date-object-1.0.1.tgz",
      "integrity": "sha1-mqIOtq7rv/d/vTPnTKAbM1gdOhY="
    },
    "is-regex": {
      "version": "1.0.4",
      "resolved": "https://registry.npmjs.org/is-regex/-/is-regex-1.0.4.tgz",
      "integrity": "sha1-VRdIm1RwkbCTDglWVM7SXul+lJE=",
      "requires": {
        "has": "1.0.1"
      }
    },
    "is-symbol": {
      "version": "1.0.1",
      "resolved": "https://registry.npmjs.org/is-symbol/-/is-symbol-1.0.1.tgz",
      "integrity": "sha1-PMWfAAJRlLarLjjbrmaJJWtmBXI="
    },
    "lik": {
      "version": "2.0.2",
      "resolved": "https://registry.npmjs.org/lik/-/lik-2.0.2.tgz",
      "integrity": "sha512-xdNrvQqVLMNkU25Z6tNrJXyOhn0hugZvWZCIPb315M5J4fK2OzgpLacp68J5bYWydRWX4L3Tl/i69BNWHsvcXg==",
      "requires": {
        "@types/lodash": "4.14.92",
        "@types/minimatch": "3.0.3",
        "lodash": "4.17.4",
        "minimatch": "3.0.4",
        "smartq": "1.1.6",
        "symbol-tree": "3.2.2",
        "typings-global": "1.0.28"
      },
      "dependencies": {
        "lodash": {
          "version": "4.17.4",
          "resolved": "https://registry.npmjs.org/lodash/-/lodash-4.17.4.tgz",
          "integrity": "sha1-eCA6TRwyiuHYbcpkYONptX9AVa4="
        },
        "smartq": {
          "version": "1.1.6",
          "resolved": "https://registry.npmjs.org/smartq/-/smartq-1.1.6.tgz",
          "integrity": "sha512-W7vTj4kSqN8kHVq+Q6BJTr/UGc36TnO0pzKNU8B4cr7TXG4N98eyubWaaCHPSjCUqDgmUPPru929WXzetai97A==",
          "requires": {
            "typings-global": "1.0.28",
            "util.promisify": "1.0.0"
          }
        }
      }
    },
    "minimatch": {
      "version": "3.0.4",
      "resolved": "https://registry.npmjs.org/minimatch/-/minimatch-3.0.4.tgz",
      "integrity": "sha512-yJHVQEhyqPLUTgt9B83PXu6W3rx4MvvHvSUvToogpwoGDOUQ+yDrR0HRot+yOCdCO7u4hX3pWft6kWBBcqh0UA==",
      "requires": {
        "brace-expansion": "1.1.8"
      }
    },
    "object-keys": {
      "version": "1.0.11",
      "resolved": "https://registry.npmjs.org/object-keys/-/object-keys-1.0.11.tgz",
      "integrity": "sha1-xUYBd4rVYPEULODgG8yotW0TQm0="
    },
    "object.getownpropertydescriptors": {
      "version": "2.0.3",
      "resolved": "https://registry.npmjs.org/object.getownpropertydescriptors/-/object.getownpropertydescriptors-2.0.3.tgz",
      "integrity": "sha1-h1jIRvW0B62rDyNuCYbxSwUcqhY=",
      "requires": {
        "define-properties": "1.1.2",
        "es-abstract": "1.10.0"
      }
    },
    "symbol-tree": {
      "version": "3.2.2",
      "resolved": "https://registry.npmjs.org/symbol-tree/-/symbol-tree-3.2.2.tgz",
      "integrity": "sha1-rifbOPZgp64uHDt9G8KQgZuFGeY="
    },
    "typings-global": {
      "version": "1.0.28",
      "resolved": "https://registry.npmjs.org/typings-global/-/typings-global-1.0.28.tgz",
      "integrity": "sha512-6VOwJWEY2971HOMHu/7sURzUXiD4/LiMJPsMAOqkHHAtS3MVpLFE5gzTiHilsH9KY5VE1mBQirWIgWFsDuo90A=="
    },
    "util.promisify": {
      "version": "1.0.0",
      "resolved": "https://registry.npmjs.org/util.promisify/-/util.promisify-1.0.0.tgz",
      "integrity": "sha512-i+6qA2MPhvoKLuxnJNpXAGhg7HphQOSUq2LKMZD0m15EiskXUkMvKdF4Uui0WYeCUGea+o2cw/ZuwehtfsrNkA==",
      "requires": {
        "define-properties": "1.1.2",
        "object.getownpropertydescriptors": "2.0.3"
      }
    }
  }
}
